{
  "name": "gif-to-sprite",
  "version": "1.0.0",
  "lockfileVersion": 2,
  "requires": true,
  "packages": {
    "": {
      "name": "gif-to-sprite",
      "version": "1.0.0",
      "license": "MIT",
      "dependencies": {
        "imagescript": "^1.2.9"
      }
    },
    "node_modules/imagescript": {
      "version": "1.2.9",
      "resolved": "https://registry.npmjs.org/imagescript/-/imagescript-1.2.9.tgz",
      "integrity": "sha512-xPMxxTxKfURedWNF5WlC4iM+p/RQrqY5mLQTbZVGquUchhDwh3C6paxtITCXn6qTxcWnM224EhNpJXPWjbB+4w==",
      "engines": {
        "node": ">=14.0.0"
      }
    }
  },
  "dependencies": {
    "imagescript": {
      "version": "1.2.9",
      "resolved": "https://registry.npmjs.org/imagescript/-/imagescript-1.2.9.tgz",
      "integrity": "sha512-xPMxxTxKfURedWNF5WlC4iM+p/RQrqY5mLQTbZVGquUchhDwh3C6paxtITCXn6qTxcWnM224EhNpJXPWjbB+4w=="
    }
  }
}
